# Public, reviewable input for one documentation/release build.
version: 1
package:
  id: individual.emanuele-cisotto.astra-tags
  assembly: ASSEMBLY_NAME_FROM_THE_ASMDEF
  namespace: REAL_CSHARP_NAMESPACE
  source:
    repository: Cis8/AstraTags
    path: Packages/individual.emanuele-cisotto.astra-tags
    files: Runtime/**/*.cs
    ref: main
dependencies: []
xref:
  unity: https://normanderwan.github.io/UnityXrefMaps/xrefmap.yml
  astra: []
