# Public, reviewable input for one documentation/release build.
version: 1
package:
  id: individual.emanuele-cisotto.astra-tags
  assembly: com.electricdrill.astra-tags.Runtime
  namespace: ElectricDrill.AstraTags
  source:
    repository: Cis8/AstraTags
    path: .
    files: Runtime/**/*.cs
    ref: main
dependencies: []
xref:
  unity: https://normanderwan.github.io/UnityXrefMaps/xrefmap.yml
  astra: []
